
Microsoft Visual Studio Solution File, Format Version 12.00
# Visual Studio Version 17
VisualStudioVersion = 17.6.33801.468
MinimumVisualStudioVersion = 10.0.40219.1
Project("{FAE04EC0-301F-11D3-BF4B-00C04F79EFBC}") = "SingltonDesignPattern", "SingltoneDesign\SingltonDesignPattern.csproj", "{518D27CE-788A-4B44-B7BF-440F3635065B}"
EndProject
Global
	GlobalSection(SolutionConfigurationPlatforms) = preSolution
		Debug|Any CPU = Debug|Any CPU
		Release|Any CPU = Release|Any CPU
	EndGlobalSection
	GlobalSection(ProjectConfigurationPlatforms) = postSolution
		{518D27CE-788A-4B44-B7BF-440F3635065B}.Debug|Any CPU.ActiveCfg = Debug|Any CPU
		{518D27CE-788A-4B44-B7BF-440F3635065B}.Debug|Any CPU.Build.0 = Debug|Any CPU
		{518D27CE-788A-4B44-B7BF-440F3635065B}.Release|Any CPU.ActiveCfg = Release|Any CPU
		{518D27CE-788A-4B44-B7BF-440F3635065B}.Release|Any CPU.Build.0 = Release|Any CPU
	EndGlobalSection
	GlobalSection(SolutionProperties) = preSolution
		HideSolutionNode = FALSE
	EndGlobalSection
	GlobalSection(ExtensibilityGlobals) = postSolution
		SolutionGuid = {A699FE98-C3D6-4FB6-8B64-9933382D3AF2}
	EndGlobalSection
EndGlobal
