
Microsoft Visual Studio Solution File, Format Version 12.00
# Visual Studio Version 17
VisualStudioVersion = 17.6.33801.468
MinimumVisualStudioVersion = 10.0.40219.1
Project("{FAE04EC0-301F-11D3-BF4B-00C04F79EFBC}") = "CollegeAssignments", "Solution1\CollegeAssignments.csproj", "{225D9847-7A2B-42A8-9CA7-DBAA28F5384D}"
EndProject
Project("{FAE04EC0-301F-11D3-BF4B-00C04F79EFBC}") = "CollegeAdmin", "StaticTest\CollegeAdmin.csproj", "{1FD4F8B5-24DE-420A-8D8E-6F64111B9FC8}"
EndProject
Global
	GlobalSection(SolutionConfigurationPlatforms) = preSolution
		Debug|Any CPU = Debug|Any CPU
		Release|Any CPU = Release|Any CPU
	EndGlobalSection
	GlobalSection(ProjectConfigurationPlatforms) = postSolution
		{225D9847-7A2B-42A8-9CA7-DBAA28F5384D}.Debug|Any CPU.ActiveCfg = Debug|Any CPU
		{225D9847-7A2B-42A8-9CA7-DBAA28F5384D}.Debug|Any CPU.Build.0 = Debug|Any CPU
		{225D9847-7A2B-42A8-9CA7-DBAA28F5384D}.Release|Any CPU.ActiveCfg = Release|Any CPU
		{225D9847-7A2B-42A8-9CA7-DBAA28F5384D}.Release|Any CPU.Build.0 = Release|Any CPU
		{1FD4F8B5-24DE-420A-8D8E-6F64111B9FC8}.Debug|Any CPU.ActiveCfg = Debug|Any CPU
		{1FD4F8B5-24DE-420A-8D8E-6F64111B9FC8}.Debug|Any CPU.Build.0 = Debug|Any CPU
		{1FD4F8B5-24DE-420A-8D8E-6F64111B9FC8}.Release|Any CPU.ActiveCfg = Release|Any CPU
		{1FD4F8B5-24DE-420A-8D8E-6F64111B9FC8}.Release|Any CPU.Build.0 = Release|Any CPU
	EndGlobalSection
	GlobalSection(SolutionProperties) = preSolution
		HideSolutionNode = FALSE
	EndGlobalSection
	GlobalSection(ExtensibilityGlobals) = postSolution
		SolutionGuid = {0EEFD427-49E8-425C-B212-032065CF9DA5}
	EndGlobalSection
EndGlobal
