
Microsoft Visual Studio Solution File, Format Version 12.00
# Visual Studio Version 17
VisualStudioVersion = 17.7.34031.279
MinimumVisualStudioVersion = 10.0.40219.1
Project("{FAE04EC0-301F-11D3-BF4B-00C04F79EFBC}") = "PresentationLayer", "PresentationLayer\PresentationLayer.csproj", "{53EB828B-0235-4BFB-8319-99EB4318F924}"
EndProject
Project("{FAE04EC0-301F-11D3-BF4B-00C04F79EFBC}") = "BussinessLogicLayer", "BussinessLogicLayer\BussinessLogicLayer.csproj", "{984F1D1E-2736-4278-A2D0-143C5B2FE06C}"
EndProject
Project("{FAE04EC0-301F-11D3-BF4B-00C04F79EFBC}") = "DataAccessLayer", "DataAccessLayer\DataAccessLayer.csproj", "{C481204B-15AB-4285-97C1-2E74A81D422B}"
EndProject
Project("{FAE04EC0-301F-11D3-BF4B-00C04F79EFBC}") = "DataModel", "DataModel\DataModel.csproj", "{F08A7F16-AD2E-4B7D-BF32-5A6BEFD89B16}"
EndProject
Project("{FAE04EC0-301F-11D3-BF4B-00C04F79EFBC}") = "BussinessModel", "BussinessModel\BussinessModel.csproj", "{7B5F68E4-2369-47C3-BA64-5AC33E6B96A2}"
EndProject
Global
	GlobalSection(SolutionConfigurationPlatforms) = preSolution
		Debug|Any CPU = Debug|Any CPU
		Release|Any CPU = Release|Any CPU
	EndGlobalSection
	GlobalSection(ProjectConfigurationPlatforms) = postSolution
		{53EB828B-0235-4BFB-8319-99EB4318F924}.Debug|Any CPU.ActiveCfg = Debug|Any CPU
		{53EB828B-0235-4BFB-8319-99EB4318F924}.Debug|Any CPU.Build.0 = Debug|Any CPU
		{53EB828B-0235-4BFB-8319-99EB4318F924}.Release|Any CPU.ActiveCfg = Release|Any CPU
		{53EB828B-0235-4BFB-8319-99EB4318F924}.Release|Any CPU.Build.0 = Release|Any CPU
		{984F1D1E-2736-4278-A2D0-143C5B2FE06C}.Debug|Any CPU.ActiveCfg = Debug|Any CPU
		{984F1D1E-2736-4278-A2D0-143C5B2FE06C}.Debug|Any CPU.Build.0 = Debug|Any CPU
		{984F1D1E-2736-4278-A2D0-143C5B2FE06C}.Release|Any CPU.ActiveCfg = Release|Any CPU
		{984F1D1E-2736-4278-A2D0-143C5B2FE06C}.Release|Any CPU.Build.0 = Release|Any CPU
		{C481204B-15AB-4285-97C1-2E74A81D422B}.Debug|Any CPU.ActiveCfg = Debug|Any CPU
		{C481204B-15AB-4285-97C1-2E74A81D422B}.Debug|Any CPU.Build.0 = Debug|Any CPU
		{C481204B-15AB-4285-97C1-2E74A81D422B}.Release|Any CPU.ActiveCfg = Release|Any CPU
		{C481204B-15AB-4285-97C1-2E74A81D422B}.Release|Any CPU.Build.0 = Release|Any CPU
		{F08A7F16-AD2E-4B7D-BF32-5A6BEFD89B16}.Debug|Any CPU.ActiveCfg = Debug|Any CPU
		{F08A7F16-AD2E-4B7D-BF32-5A6BEFD89B16}.Debug|Any CPU.Build.0 = Debug|Any CPU
		{F08A7F16-AD2E-4B7D-BF32-5A6BEFD89B16}.Release|Any CPU.ActiveCfg = Release|Any CPU
		{F08A7F16-AD2E-4B7D-BF32-5A6BEFD89B16}.Release|Any CPU.Build.0 = Release|Any CPU
		{7B5F68E4-2369-47C3-BA64-5AC33E6B96A2}.Debug|Any CPU.ActiveCfg = Debug|Any CPU
		{7B5F68E4-2369-47C3-BA64-5AC33E6B96A2}.Debug|Any CPU.Build.0 = Debug|Any CPU
		{7B5F68E4-2369-47C3-BA64-5AC33E6B96A2}.Release|Any CPU.ActiveCfg = Release|Any CPU
		{7B5F68E4-2369-47C3-BA64-5AC33E6B96A2}.Release|Any CPU.Build.0 = Release|Any CPU
	EndGlobalSection
	GlobalSection(SolutionProperties) = preSolution
		HideSolutionNode = FALSE
	EndGlobalSection
	GlobalSection(ExtensibilityGlobals) = postSolution
		SolutionGuid = {D782CF48-FBEA-493C-A608-A016EDE7CF13}
	EndGlobalSection
EndGlobal
